// !$*UTF8*$!
{
	archiveVersion = 1;
	classes = {
	};
	objectVersion = 46;
	objects = {

/* Begin PBXBuildFile section */
		238C7C559A5E40779843138B /* libPods.a in Frameworks */ = {isa = PBXBuildFile; fileRef = DA6C8254324B419481DAAD05 /* libPods.a */; };
		91729FFD18FB61CB00B36A95 /* Settings.bundle in Resources */ = {isa = PBXBuildFile; fileRef = 91729FFC18FB61CA00B36A95 /* Settings.bundle */; };
		9172A00118FB6E6300B36A95 /* NGHSettingsViewController.m in Sources */ = {isa = PBXBuildFile; fileRef = 9172A00018FB6E6300B36A95 /* NGHSettingsViewController.m */; };
		91B3488818FC31870052CD29 /* NGHSongInfoMessage.m in Sources */ = {isa = PBXBuildFile; fileRef = 91B3488718FC31870052CD29 /* NGHSongInfoMessage.m */; };
		91B3488B18FC98BC0052CD29 /* NGHMPlayerManager.m in Sources */ = {isa = PBXBuildFile; fileRef = 91B3488A18FC98BC0052CD29 /* NGHMPlayerManager.m */; };
		91B3488E18FF5DC60052CD29 /* NGHMusicPlayerViewController.m in Sources */ = {isa = PBXBuildFile; fileRef = 91B3488D18FF5DC60052CD29 /* NGHMusicPlayerViewController.m */; };
		91CCC4C518F2FFBD00516844 /* Foundation.framework in Frameworks */ = {isa = PBXBuildFile; fileRef = 91CCC4C418F2FFBD00516844 /* Foundation.framework */; };
		91CCC4C718F2FFBD00516844 /* CoreGraphics.framework in Frameworks */ = {isa = PBXBuildFile; fileRef = 91CCC4C618F2FFBD00516844 /* CoreGraphics.framework */; };
		91CCC4C918F2FFBD00516844 /* UIKit.framework in Frameworks */ = {isa = PBXBuildFile; fileRef = 91CCC4C818F2FFBD00516844 /* UIKit.framework */; };
		91CCC4CF18F2FFBD00516844 /* InfoPlist.strings in Resources */ = {isa = PBXBuildFile; fileRef = 91CCC4CD18F2FFBD00516844 /* InfoPlist.strings */; };
		91CCC4D118F2FFBD00516844 /* main.m in Sources */ = {isa = PBXBuildFile; fileRef = 91CCC4D018F2FFBD00516844 /* main.m */; };
		91CCC4D518F2FFBD00516844 /* NGHAppDelegate.m in Sources */ = {isa = PBXBuildFile; fileRef = 91CCC4D418F2FFBD00516844 /* NGHAppDelegate.m */; };
		91CCC4D818F2FFBD00516844 /* Main.storyboard in Resources */ = {isa = PBXBuildFile; fileRef = 91CCC4D618F2FFBD00516844 /* Main.storyboard */; };
		91CCC4DB18F2FFBD00516844 /* NGHChatViewController.m in Sources */ = {isa = PBXBuildFile; fileRef = 91CCC4DA18F2FFBD00516844 /* NGHChatViewController.m */; };
		91CCC4DE18F2FFBD00516844 /* NGHPeersViewController.m in Sources */ = {isa = PBXBuildFile; fileRef = 91CCC4DD18F2FFBD00516844 /* NGHPeersViewController.m */; };
		91CCC4E018F2FFBD00516844 /* Images.xcassets in Resources */ = {isa = PBXBuildFile; fileRef = 91CCC4DF18F2FFBD00516844 /* Images.xcassets */; };
		91CCC4E718F2FFBD00516844 /* XCTest.framework in Frameworks */ = {isa = PBXBuildFile; fileRef = 91CCC4E618F2FFBD00516844 /* XCTest.framework */; };
		91CCC4E818F2FFBD00516844 /* Foundation.framework in Frameworks */ = {isa = PBXBuildFile; fileRef = 91CCC4C418F2FFBD00516844 /* Foundation.framework */; };
		91CCC4E918F2FFBD00516844 /* UIKit.framework in Frameworks */ = {isa = PBXBuildFile; fileRef = 91CCC4C818F2FFBD00516844 /* UIKit.framework */; };
		91CCC4F118F2FFBD00516844 /* InfoPlist.strings in Resources */ = {isa = PBXBuildFile; fileRef = 91CCC4EF18F2FFBD00516844 /* InfoPlist.strings */; };
		91CCC4F318F2FFBD00516844 /* NighTests.m in Sources */ = {isa = PBXBuildFile; fileRef = 91CCC4F218F2FFBD00516844 /* NighTests.m */; };
		91CCC4FD18F2FFE700516844 /* MultipeerConnectivity.framework in Frameworks */ = {isa = PBXBuildFile; fileRef = 91CCC4FC18F2FFE700516844 /* MultipeerConnectivity.framework */; };
		91CCC4FF18F3000C00516844 /* MediaPlayer.framework in Frameworks */ = {isa = PBXBuildFile; fileRef = 91CCC4FE18F3000C00516844 /* MediaPlayer.framework */; };
		91CCC50318F311CE00516844 /* NGHMultipeerSessionManager.m in Sources */ = {isa = PBXBuildFile; fileRef = 91CCC50218F311CE00516844 /* NGHMultipeerSessionManager.m */; };
		91D21D2C18F71AB100ECA489 /* NGHChatMessage.m in Sources */ = {isa = PBXBuildFile; fileRef = 91D21D2B18F71AB100ECA489 /* NGHChatMessage.m */; };
		E0BEA5D718FB649C00B18A7A /* NGHUtils.m in Sources */ = {isa = PBXBuildFile; fileRef = E0BEA5D618FB649C00B18A7A /* NGHUtils.m */; };
/* End PBXBuildFile section */

/* Begin PBXContainerItemProxy section */
		91CCC4EA18F2FFBD00516844 /* PBXContainerItemProxy */ = {
			isa = PBXContainerItemProxy;
			containerPortal = 91CCC4B918F2FFBD00516844 /* Project object */;
			proxyType = 1;
			remoteGlobalIDString = 91CCC4C018F2FFBD00516844;
			remoteInfo = Nigh;
		};
/* End PBXContainerItemProxy section */

/* Begin PBXFileReference section */
		5D7FC89DCA894B8D97F7A776 /* Pods.xcconfig */ = {isa = PBXFileReference; includeInIndex = 1; lastKnownFileType = text.xcconfig; name = Pods.xcconfig; path = Pods/Pods.xcconfig; sourceTree = "<group>"; };
		91729FFC18FB61CA00B36A95 /* Settings.bundle */ = {isa = PBXFileReference; lastKnownFileType = "wrapper.plug-in"; name = Settings.bundle; path = ../Settings.bundle; sourceTree = "<group>"; };
		91729FFF18FB6E6300B36A95 /* NGHSettingsViewController.h */ = {isa = PBXFileReference; fileEncoding = 4; lastKnownFileType = sourcecode.c.h; name = NGHSettingsViewController.h; path = ../NGHSettingsViewController.h; sourceTree = "<group>"; };
		9172A00018FB6E6300B36A95 /* NGHSettingsViewController.m */ = {isa = PBXFileReference; fileEncoding = 4; lastKnownFileType = sourcecode.c.objc; name = NGHSettingsViewController.m; path = ../NGHSettingsViewController.m; sourceTree = "<group>"; };
		91B3488618FC31870052CD29 /* NGHSongInfoMessage.h */ = {isa = PBXFileReference; fileEncoding = 4; lastKnownFileType = sourcecode.c.h; path = NGHSongInfoMessage.h; sourceTree = "<group>"; };
		91B3488718FC31870052CD29 /* NGHSongInfoMessage.m */ = {isa = PBXFileReference; fileEncoding = 4; lastKnownFileType = sourcecode.c.objc; path = NGHSongInfoMessage.m; sourceTree = "<group>"; };
		91B3488918FC98BC0052CD29 /* NGHMPlayerManager.h */ = {isa = PBXFileReference; fileEncoding = 4; lastKnownFileType = sourcecode.c.h; path = NGHMPlayerManager.h; sourceTree = "<group>"; };
		91B3488A18FC98BC0052CD29 /* NGHMPlayerManager.m */ = {isa = PBXFileReference; fileEncoding = 4; lastKnownFileType = sourcecode.c.objc; path = NGHMPlayerManager.m; sourceTree = "<group>"; };
		91B3488C18FF5DC60052CD29 /* NGHMusicPlayerViewController.h */ = {isa = PBXFileReference; fileEncoding = 4; lastKnownFileType = sourcecode.c.h; path = NGHMusicPlayerViewController.h; sourceTree = "<group>"; };
		91B3488D18FF5DC60052CD29 /* NGHMusicPlayerViewController.m */ = {isa = PBXFileReference; fileEncoding = 4; lastKnownFileType = sourcecode.c.objc; path = NGHMusicPlayerViewController.m; sourceTree = "<group>"; };
		91CCC4C118F2FFBD00516844 /* Nigh.app */ = {isa = PBXFileReference; explicitFileType = wrapper.application; includeInIndex = 0; path = Nigh.app; sourceTree = BUILT_PRODUCTS_DIR; };
		91CCC4C418F2FFBD00516844 /* Foundation.framework */ = {isa = PBXFileReference; lastKnownFileType = wrapper.framework; name = Foundation.framework; path = System/Library/Frameworks/Foundation.framework; sourceTree = SDKROOT; };
		91CCC4C618F2FFBD00516844 /* CoreGraphics.framework */ = {isa = PBXFileReference; lastKnownFileType = wrapper.framework; name = CoreGraphics.framework; path = System/Library/Frameworks/CoreGraphics.framework; sourceTree = SDKROOT; };
		91CCC4C818F2FFBD00516844 /* UIKit.framework */ = {isa = PBXFileReference; lastKnownFileType = wrapper.framework; name = UIKit.framework; path = System/Library/Frameworks/UIKit.framework; sourceTree = SDKROOT; };
		91CCC4CC18F2FFBD00516844 /* Nigh-Info.plist */ = {isa = PBXFileReference; lastKnownFileType = text.plist.xml; path = "Nigh-Info.plist"; sourceTree = "<group>"; };
		91CCC4CE18F2FFBD00516844 /* en */ = {isa = PBXFileReference; lastKnownFileType = text.plist.strings; name = en; path = en.lproj/InfoPlist.strings; sourceTree = "<group>"; };
		91CCC4D018F2FFBD00516844 /* main.m */ = {isa = PBXFileReference; lastKnownFileType = sourcecode.c.objc; path = main.m; sourceTree = "<group>"; };
		91CCC4D218F2FFBD00516844 /* Nigh-Prefix.pch */ = {isa = PBXFileReference; lastKnownFileType = sourcecode.c.h; path = "Nigh-Prefix.pch"; sourceTree = "<group>"; };
		91CCC4D318F2FFBD00516844 /* NGHAppDelegate.h */ = {isa = PBXFileReference; lastKnownFileType = sourcecode.c.h; path = NGHAppDelegate.h; sourceTree = "<group>"; };
		91CCC4D418F2FFBD00516844 /* NGHAppDelegate.m */ = {isa = PBXFileReference; lastKnownFileType = sourcecode.c.objc; path = NGHAppDelegate.m; sourceTree = "<group>"; };
		91CCC4D718F2FFBD00516844 /* Base */ = {isa = PBXFileReference; lastKnownFileType = file.storyboard; name = Base; path = Base.lproj/Main.storyboard; sourceTree = "<group>"; };
		91CCC4D918F2FFBD00516844 /* NGHChatViewController.h */ = {isa = PBXFileReference; lastKnownFileType = sourcecode.c.h; path = NGHChatViewController.h; sourceTree = "<group>"; };
		91CCC4DA18F2FFBD00516844 /* NGHChatViewController.m */ = {isa = PBXFileReference; lastKnownFileType = sourcecode.c.objc; path = NGHChatViewController.m; sourceTree = "<group>"; };
		91CCC4DC18F2FFBD00516844 /* NGHPeersViewController.h */ = {isa = PBXFileReference; lastKnownFileType = sourcecode.c.h; path = NGHPeersViewController.h; sourceTree = "<group>"; };
		91CCC4DD18F2FFBD00516844 /* NGHPeersViewController.m */ = {isa = PBXFileReference; lastKnownFileType = sourcecode.c.objc; path = NGHPeersViewController.m; sourceTree = "<group>"; };
		91CCC4DF18F2FFBD00516844 /* Images.xcassets */ = {isa = PBXFileReference; lastKnownFileType = folder.assetcatalog; path = Images.xcassets; sourceTree = "<group>"; };
		91CCC4E518F2FFBD00516844 /* NighTests.xctest */ = {isa = PBXFileReference; explicitFileType = wrapper.cfbundle; includeInIndex = 0; path = NighTests.xctest; sourceTree = BUILT_PRODUCTS_DIR; };
		91CCC4E618F2FFBD00516844 /* XCTest.framework */ = {isa = PBXFileReference; lastKnownFileType = wrapper.framework; name = XCTest.framework; path = Library/Frameworks/XCTest.framework; sourceTree = DEVELOPER_DIR; };
		91CCC4EE18F2FFBD00516844 /* NighTests-Info.plist */ = {isa = PBXFileReference; lastKnownFileType = text.plist.xml; path = "NighTests-Info.plist"; sourceTree = "<group>"; };
		91CCC4F018F2FFBD00516844 /* en */ = {isa = PBXFileReference; lastKnownFileType = text.plist.strings; name = en; path = en.lproj/InfoPlist.strings; sourceTree = "<group>"; };
		91CCC4F218F2FFBD00516844 /* NighTests.m */ = {isa = PBXFileReference; lastKnownFileType = sourcecode.c.objc; path = NighTests.m; sourceTree = "<group>"; };
		91CCC4FC18F2FFE700516844 /* MultipeerConnectivity.framework */ = {isa = PBXFileReference; lastKnownFileType = wrapper.framework; name = MultipeerConnectivity.framework; path = System/Library/Frameworks/MultipeerConnectivity.framework; sourceTree = SDKROOT; };
		91CCC4FE18F3000C00516844 /* MediaPlayer.framework */ = {isa = PBXFileReference; lastKnownFileType = wrapper.framework; name = MediaPlayer.framework; path = System/Library/Frameworks/MediaPlayer.framework; sourceTree = SDKROOT; };
		91CCC50118F311CE00516844 /* NGHMultipeerSessionManager.h */ = {isa = PBXFileReference; fileEncoding = 4; lastKnownFileType = sourcecode.c.h; path = NGHMultipeerSessionManager.h; sourceTree = "<group>"; };
		91CCC50218F311CE00516844 /* NGHMultipeerSessionManager.m */ = {isa = PBXFileReference; fileEncoding = 4; lastKnownFileType = sourcecode.c.objc; path = NGHMultipeerSessionManager.m; sourceTree = "<group>"; };
		91CCC50418F3139800516844 /* Globals.h */ = {isa = PBXFileReference; lastKnownFileType = sourcecode.c.h; path = Globals.h; sourceTree = "<group>"; };
		91D21D2918F718D200ECA489 /* NGHMultipeerMessage.h */ = {isa = PBXFileReference; lastKnownFileType = sourcecode.c.h; path = NGHMultipeerMessage.h; sourceTree = "<group>"; };
		91D21D2A18F71AB100ECA489 /* NGHChatMessage.h */ = {isa = PBXFileReference; fileEncoding = 4; lastKnownFileType = sourcecode.c.h; path = NGHChatMessage.h; sourceTree = "<group>"; };
		91D21D2B18F71AB100ECA489 /* NGHChatMessage.m */ = {isa = PBXFileReference; fileEncoding = 4; lastKnownFileType = sourcecode.c.objc; path = NGHChatMessage.m; sourceTree = "<group>"; };
		DA6C8254324B419481DAAD05 /* libPods.a */ = {isa = PBXFileReference; explicitFileType = archive.ar; includeInIndex = 0; path = libPods.a; sourceTree = BUILT_PRODUCTS_DIR; };
		E0BEA5D518FB649C00B18A7A /* NGHUtils.h */ = {isa = PBXFileReference; fileEncoding = 4; lastKnownFileType = sourcecode.c.h; path = NGHUtils.h; sourceTree = "<group>"; };
		E0BEA5D618FB649C00B18A7A /* NGHUtils.m */ = {isa = PBXFileReference; fileEncoding = 4; lastKnownFileType = sourcecode.c.objc; path = NGHUtils.m; sourceTree = "<group>"; };
/* End PBXFileReference section */

/* Begin PBXFrameworksBuildPhase section */
		91CCC4BE18F2FFBD00516844 /* Frameworks */ = {
			isa = PBXFrameworksBuildPhase;
			buildActionMask = 2147483647;
			files = (
				91CCC4FF18F3000C00516844 /* MediaPlayer.framework in Frameworks */,
				91CCC4FD18F2FFE700516844 /* MultipeerConnectivity.framework in Frameworks */,
				91CCC4C718F2FFBD00516844 /* CoreGraphics.framework in Frameworks */,
				91CCC4C918F2FFBD00516844 /* UIKit.framework in Frameworks */,
				91CCC4C518F2FFBD00516844 /* Foundation.framework in Frameworks */,
				238C7C559A5E40779843138B /* libPods.a in Frameworks */,
			);
			runOnlyForDeploymentPostprocessing = 0;
		};
		91CCC4E218F2FFBD00516844 /* Frameworks */ = {
			isa = PBXFrameworksBuildPhase;
			buildActionMask = 2147483647;
			files = (
				91CCC4E718F2FFBD00516844 /* XCTest.framework in Frameworks */,
				91CCC4E918F2FFBD00516844 /* UIKit.framework in Frameworks */,
				91CCC4E818F2FFBD00516844 /* Foundation.framework in Frameworks */,
			);
			runOnlyForDeploymentPostprocessing = 0;
		};
/* End PBXFrameworksBuildPhase section */

/* Begin PBXGroup section */
		91729FFE18FB61E300B36A95 /* Resources */ = {
			isa = PBXGroup;
			children = (
				91729FFC18FB61CA00B36A95 /* Settings.bundle */,
			);
			name = Resources;
			sourceTree = "<group>";
		};
		91CCC4B818F2FFBD00516844 = {
			isa = PBXGroup;
			children = (
				91B3488C18FF5DC60052CD29 /* NGHMusicPlayerViewController.h */,
				91B3488D18FF5DC60052CD29 /* NGHMusicPlayerViewController.m */,
				91CCC4CA18F2FFBD00516844 /* Nigh */,
				91CCC4EC18F2FFBD00516844 /* NighTests */,
				91CCC4C318F2FFBD00516844 /* Frameworks */,
				91CCC4C218F2FFBD00516844 /* Products */,
				5D7FC89DCA894B8D97F7A776 /* Pods.xcconfig */,
			);
			sourceTree = "<group>";
		};
		91CCC4C218F2FFBD00516844 /* Products */ = {
			isa = PBXGroup;
			children = (
				91CCC4C118F2FFBD00516844 /* Nigh.app */,
				91CCC4E518F2FFBD00516844 /* NighTests.xctest */,
			);
			name = Products;
			sourceTree = "<group>";
		};
		91CCC4C318F2FFBD00516844 /* Frameworks */ = {
			isa = PBXGroup;
			children = (
				91CCC4FE18F3000C00516844 /* MediaPlayer.framework */,
				91CCC4FC18F2FFE700516844 /* MultipeerConnectivity.framework */,
				91CCC4C418F2FFBD00516844 /* Foundation.framework */,
				91CCC4C618F2FFBD00516844 /* CoreGraphics.framework */,
				91CCC4C818F2FFBD00516844 /* UIKit.framework */,
				91CCC4E618F2FFBD00516844 /* XCTest.framework */,
				DA6C8254324B419481DAAD05 /* libPods.a */,
			);
			name = Frameworks;
			sourceTree = "<group>";
		};
		91CCC4CA18F2FFBD00516844 /* Nigh */ = {
			isa = PBXGroup;
			children = (
				91729FFE18FB61E300B36A95 /* Resources */,
				91CCC50018F310F000516844 /* Models */,
				91CCC4D318F2FFBD00516844 /* NGHAppDelegate.h */,
				91CCC4D418F2FFBD00516844 /* NGHAppDelegate.m */,
				91CCC4D618F2FFBD00516844 /* Main.storyboard */,
				91CCC4D918F2FFBD00516844 /* NGHChatViewController.h */,
				91CCC4DA18F2FFBD00516844 /* NGHChatViewController.m */,
				91CCC4DC18F2FFBD00516844 /* NGHPeersViewController.h */,
				91CCC4DD18F2FFBD00516844 /* NGHPeersViewController.m */,
				91729FFF18FB6E6300B36A95 /* NGHSettingsViewController.h */,
				9172A00018FB6E6300B36A95 /* NGHSettingsViewController.m */,
				E0BEA5D518FB649C00B18A7A /* NGHUtils.h */,
				E0BEA5D618FB649C00B18A7A /* NGHUtils.m */,
				91CCC4DF18F2FFBD00516844 /* Images.xcassets */,
				91CCC4CB18F2FFBD00516844 /* Supporting Files */,
				91CCC50418F3139800516844 /* Globals.h */,
			);
			path = Nigh;
			sourceTree = "<group>";
		};
		91CCC4CB18F2FFBD00516844 /* Supporting Files */ = {
			isa = PBXGroup;
			children = (
				91CCC4CC18F2FFBD00516844 /* Nigh-Info.plist */,
				91CCC4CD18F2FFBD00516844 /* InfoPlist.strings */,
				91CCC4D018F2FFBD00516844 /* main.m */,
				91CCC4D218F2FFBD00516844 /* Nigh-Prefix.pch */,
			);
			name = "Supporting Files";
			sourceTree = "<group>";
		};
		91CCC4EC18F2FFBD00516844 /* NighTests */ = {
			isa = PBXGroup;
			children = (
				91CCC4F218F2FFBD00516844 /* NighTests.m */,
				91CCC4ED18F2FFBD00516844 /* Supporting Files */,
			);
			path = NighTests;
			sourceTree = "<group>";
		};
		91CCC4ED18F2FFBD00516844 /* Supporting Files */ = {
			isa = PBXGroup;
			children = (
				91CCC4EE18F2FFBD00516844 /* NighTests-Info.plist */,
				91CCC4EF18F2FFBD00516844 /* InfoPlist.strings */,
			);
			name = "Supporting Files";
			sourceTree = "<group>";
		};
		91CCC50018F310F000516844 /* Models */ = {
			isa = PBXGroup;
			children = (
				91CCC50118F311CE00516844 /* NGHMultipeerSessionManager.h */,
				91CCC50218F311CE00516844 /* NGHMultipeerSessionManager.m */,
				91B3488918FC98BC0052CD29 /* NGHMPlayerManager.h */,
				91B3488A18FC98BC0052CD29 /* NGHMPlayerManager.m */,
				91D21D2918F718D200ECA489 /* NGHMultipeerMessage.h */,
				91D21D2A18F71AB100ECA489 /* NGHChatMessage.h */,
				91D21D2B18F71AB100ECA489 /* NGHChatMessage.m */,
				91B3488618FC31870052CD29 /* NGHSongInfoMessage.h */,
				91B3488718FC31870052CD29 /* NGHSongInfoMessage.m */,
			);
			name = Models;
			sourceTree = "<group>";
		};
/* End PBXGroup section */

/* Begin PBXNativeTarget section */
		91CCC4C018F2FFBD00516844 /* Nigh */ = {
			isa = PBXNativeTarget;
			buildConfigurationList = 91CCC4F618F2FFBD00516844 /* Build configuration list for PBXNativeTarget "Nigh" */;
			buildPhases = (
				362F9669343044C7A3073729 /* Check Pods Manifest.lock */,
				91CCC4BD18F2FFBD00516844 /* Sources */,
				91CCC4BE18F2FFBD00516844 /* Frameworks */,
				91CCC4BF18F2FFBD00516844 /* Resources */,
				B7A9BB064826442EB24FE514 /* Copy Pods Resources */,
			);
			buildRules = (
			);
			dependencies = (
			);
			name = Nigh;
			productName = Nigh;
			productReference = 91CCC4C118F2FFBD00516844 /* Nigh.app */;
			productType = "com.apple.product-type.application";
		};
		91CCC4E418F2FFBD00516844 /* NighTests */ = {
			isa = PBXNativeTarget;
			buildConfigurationList = 91CCC4F918F2FFBD00516844 /* Build configuration list for PBXNativeTarget "NighTests" */;
			buildPhases = (
				91CCC4E118F2FFBD00516844 /* Sources */,
				91CCC4E218F2FFBD00516844 /* Frameworks */,
				91CCC4E318F2FFBD00516844 /* Resources */,
			);
			buildRules = (
			);
			dependencies = (
				91CCC4EB18F2FFBD00516844 /* PBXTargetDependency */,
			);
			name = NighTests;
			productName = NighTests;
			productReference = 91CCC4E518F2FFBD00516844 /* NighTests.xctest */;
			productType = "com.apple.product-type.bundle.unit-test";
		};
/* End PBXNativeTarget section */

/* Begin PBXProject section */
		91CCC4B918F2FFBD00516844 /* Project object */ = {
			isa = PBXProject;
			attributes = {
				CLASSPREFIX = NGH;
				LastUpgradeCheck = 0510;
				ORGANIZATIONNAME = "Ricky Chang";
				TargetAttributes = {
					91CCC4E418F2FFBD00516844 = {
						TestTargetID = 91CCC4C018F2FFBD00516844;
					};
				};
			};
			buildConfigurationList = 91CCC4BC18F2FFBD00516844 /* Build configuration list for PBXProject "Nigh" */;
			compatibilityVersion = "Xcode 3.2";
			developmentRegion = English;
			hasScannedForEncodings = 0;
			knownRegions = (
				en,
				Base,
			);
			mainGroup = 91CCC4B818F2FFBD00516844;
			productRefGroup = 91CCC4C218F2FFBD00516844 /* Products */;
			projectDirPath = "";
			projectRoot = "";
			targets = (
				91CCC4C018F2FFBD00516844 /* Nigh */,
				91CCC4E418F2FFBD00516844 /* NighTests */,
			);
		};
/* End PBXProject section */

/* Begin PBXResourcesBuildPhase section */
		91CCC4BF18F2FFBD00516844 /* Resources */ = {
			isa = PBXResourcesBuildPhase;
			buildActionMask = 2147483647;
			files = (
				91729FFD18FB61CB00B36A95 /* Settings.bundle in Resources */,
				91CCC4E018F2FFBD00516844 /* Images.xcassets in Resources */,
				91CCC4CF18F2FFBD00516844 /* InfoPlist.strings in Resources */,
				91CCC4D818F2FFBD00516844 /* Main.storyboard in Resources */,
			);
			runOnlyForDeploymentPostprocessing = 0;
		};
		91CCC4E318F2FFBD00516844 /* Resources */ = {
			isa = PBXResourcesBuildPhase;
			buildActionMask = 2147483647;
			files = (
				91CCC4F118F2FFBD00516844 /* InfoPlist.strings in Resources */,
			);
			runOnlyForDeploymentPostprocessing = 0;
		};
/* End PBXResourcesBuildPhase section */

/* Begin PBXShellScriptBuildPhase section */
		362F9669343044C7A3073729 /* Check Pods Manifest.lock */ = {
			isa = PBXShellScriptBuildPhase;
			buildActionMask = 2147483647;
			files = (
			);
			inputPaths = (
			);
			name = "Check Pods Manifest.lock";
			outputPaths = (
			);
			runOnlyForDeploymentPostprocessing = 0;
			shellPath = /bin/sh;
			shellScript = "diff \"${PODS_ROOT}/../Podfile.lock\" \"${PODS_ROOT}/Manifest.lock\" > /dev/null\nif [[ $? != 0 ]] ; then\n    cat << EOM\nerror: The sandbox is not in sync with the Podfile.lock. Run 'pod install' or update your CocoaPods installation.\nEOM\n    exit 1\nfi\n";
			showEnvVarsInLog = 0;
		};
		B7A9BB064826442EB24FE514 /* Copy Pods Resources */ = {
			isa = PBXShellScriptBuildPhase;
			buildActionMask = 2147483647;
			files = (
			);
			inputPaths = (
			);
			name = "Copy Pods Resources";
			outputPaths = (
			);
			runOnlyForDeploymentPostprocessing = 0;
			shellPath = /bin/sh;
			shellScript = "\"${SRCROOT}/Pods/Pods-resources.sh\"\n";
			showEnvVarsInLog = 0;
		};
/* End PBXShellScriptBuildPhase section */

/* Begin PBXSourcesBuildPhase section */
		91CCC4BD18F2FFBD00516844 /* Sources */ = {
			isa = PBXSourcesBuildPhase;
			buildActionMask = 2147483647;
			files = (
				E0BEA5D718FB649C00B18A7A /* NGHUtils.m in Sources */,
				91CCC4DE18F2FFBD00516844 /* NGHPeersViewController.m in Sources */,
				91B3488E18FF5DC60052CD29 /* NGHMusicPlayerViewController.m in Sources */,
				91CCC50318F311CE00516844 /* NGHMultipeerSessionManager.m in Sources */,
				91CCC4DB18F2FFBD00516844 /* NGHChatViewController.m in Sources */,
				91B3488B18FC98BC0052CD29 /* NGHMPlayerManager.m in Sources */,
				91D21D2C18F71AB100ECA489 /* NGHChatMessage.m in Sources */,
				91CCC4D518F2FFBD00516844 /* NGHAppDelegate.m in Sources */,
				91B3488818FC31870052CD29 /* NGHSongInfoMessage.m in Sources */,
				91CCC4D118F2FFBD00516844 /* main.m in Sources */,
				9172A00118FB6E6300B36A95 /* NGHSettingsViewController.m in Sources */,
			);
			runOnlyForDeploymentPostprocessing = 0;
		};
		91CCC4E118F2FFBD00516844 /* Sources */ = {
			isa = PBXSourcesBuildPhase;
			buildActionMask = 2147483647;
			files = (
				91CCC4F318F2FFBD00516844 /* NighTests.m in Sources */,
			);
			runOnlyForDeploymentPostprocessing = 0;
		};
/* End PBXSourcesBuildPhase section */

/* Begin PBXTargetDependency section */
		91CCC4EB18F2FFBD00516844 /* PBXTargetDependency */ = {
			isa = PBXTargetDependency;
			target = 91CCC4C018F2FFBD00516844 /* Nigh */;
			targetProxy = 91CCC4EA18F2FFBD00516844 /* PBXContainerItemProxy */;
		};
/* End PBXTargetDependency section */

/* Begin PBXVariantGroup section */
		91CCC4CD18F2FFBD00516844 /* InfoPlist.strings */ = {
			isa = PBXVariantGroup;
			children = (
				91CCC4CE18F2FFBD00516844 /* en */,
			);
			name = InfoPlist.strings;
			sourceTree = "<group>";
		};
		91CCC4D618F2FFBD00516844 /* Main.storyboard */ = {
			isa = PBXVariantGroup;
			children = (
				91CCC4D718F2FFBD00516844 /* Base */,
			);
			name = Main.storyboard;
			sourceTree = "<group>";
		};
		91CCC4EF18F2FFBD00516844 /* InfoPlist.strings */ = {
			isa = PBXVariantGroup;
			children = (
				91CCC4F018F2FFBD00516844 /* en */,
			);
			name = InfoPlist.strings;
			sourceTree = "<group>";
		};
/* End PBXVariantGroup section */

/* Begin XCBuildConfiguration section */
		91CCC4F418F2FFBD00516844 /* Debug */ = {
			isa = XCBuildConfiguration;
			buildSettings = {
				ALWAYS_SEARCH_USER_PATHS = NO;
				CLANG_CXX_LANGUAGE_STANDARD = "gnu++0x";
				CLANG_CXX_LIBRARY = "libc++";
				CLANG_ENABLE_MODULES = YES;
				CLANG_ENABLE_OBJC_ARC = YES;
				CLANG_WARN_BOOL_CONVERSION = YES;
				CLANG_WARN_CONSTANT_CONVERSION = YES;
				CLANG_WARN_DIRECT_OBJC_ISA_USAGE = YES_ERROR;
				CLANG_WARN_EMPTY_BODY = YES;
				CLANG_WARN_ENUM_CONVERSION = YES;
				CLANG_WARN_INT_CONVERSION = YES;
				CLANG_WARN_OBJC_ROOT_CLASS = YES_ERROR;
				CLANG_WARN__DUPLICATE_METHOD_MATCH = YES;
				"CODE_SIGN_IDENTITY[sdk=iphoneos*]" = "iPhone Developer";
				COPY_PHASE_STRIP = NO;
				GCC_C_LANGUAGE_STANDARD = gnu99;
				GCC_DYNAMIC_NO_PIC = NO;
				GCC_OPTIMIZATION_LEVEL = 0;
				GCC_PREPROCESSOR_DEFINITIONS = (
					"DEBUG=1",
					"$(inherited)",
				);
				GCC_SYMBOLS_PRIVATE_EXTERN = NO;
				GCC_WARN_64_TO_32_BIT_CONVERSION = YES;
				GCC_WARN_ABOUT_RETURN_TYPE = YES_ERROR;
				GCC_WARN_UNDECLARED_SELECTOR = YES;
				GCC_WARN_UNINITIALIZED_AUTOS = YES_AGGRESSIVE;
				GCC_WARN_UNUSED_FUNCTION = YES;
				GCC_WARN_UNUSED_VARIABLE = YES;
				IPHONEOS_DEPLOYMENT_TARGET = 7.1;
				ONLY_ACTIVE_ARCH = YES;
				SDKROOT = iphoneos;
			};
			name = Debug;
		};
		91CCC4F518F2FFBD00516844 /* Release */ = {
			isa = XCBuildConfiguration;
			buildSettings = {
				ALWAYS_SEARCH_USER_PATHS = NO;
				CLANG_CXX_LANGUAGE_STANDARD = "gnu++0x";
				CLANG_CXX_LIBRARY = "libc++";
				CLANG_ENABLE_MODULES = YES;
				CLANG_ENABLE_OBJC_ARC = YES;
				CLANG_WARN_BOOL_CONVERSION = YES;
				CLANG_WARN_CONSTANT_CONVERSION = YES;
				CLANG_WARN_DIRECT_OBJC_ISA_USAGE = YES_ERROR;
				CLANG_WARN_EMPTY_BODY = YES;
				CLANG_WARN_ENUM_CONVERSION = YES;
				CLANG_WARN_INT_CONVERSION = YES;
				CLANG_WARN_OBJC_ROOT_CLASS = YES_ERROR;
				CLANG_WARN__DUPLICATE_METHOD_MATCH = YES;
				"CODE_SIGN_IDENTITY[sdk=iphoneos*]" = "iPhone Developer";
				COPY_PHASE_STRIP = YES;
				ENABLE_NS_ASSERTIONS = NO;
				GCC_C_LANGUAGE_STANDARD = gnu99;
				GCC_WARN_64_TO_32_BIT_CONVERSION = YES;
				GCC_WARN_ABOUT_RETURN_TYPE = YES_ERROR;
				GCC_WARN_UNDECLARED_SELECTOR = YES;
				GCC_WARN_UNINITIALIZED_AUTOS = YES_AGGRESSIVE;
				GCC_WARN_UNUSED_FUNCTION = YES;
				GCC_WARN_UNUSED_VARIABLE = YES;
				IPHONEOS_DEPLOYMENT_TARGET = 7.1;
				SDKROOT = iphoneos;
				VALIDATE_PRODUCT = YES;
			};
			name = Release;
		};
		91CCC4F718F2FFBD00516844 /* Debug */ = {
			isa = XCBuildConfiguration;
			baseConfigurationReference = 5D7FC89DCA894B8D97F7A776 /* Pods.xcconfig */;
			buildSettings = {
				ASSETCATALOG_COMPILER_APPICON_NAME = AppIcon;
				ASSETCATALOG_COMPILER_LAUNCHIMAGE_NAME = LaunchImage;
				GCC_PRECOMPILE_PREFIX_HEADER = YES;
				GCC_PREFIX_HEADER = "Nigh/Nigh-Prefix.pch";
				INFOPLIST_FILE = "Nigh/Nigh-Info.plist";
				PRODUCT_NAME = "$(TARGET_NAME)";
				WRAPPER_EXTENSION = app;
			};
			name = Debug;
		};
		91CCC4F818F2FFBD00516844 /* Release */ = {
			isa = XCBuildConfiguration;
			baseConfigurationReference = 5D7FC89DCA894B8D97F7A776 /* Pods.xcconfig */;
			buildSettings = {
				ASSETCATALOG_COMPILER_APPICON_NAME = AppIcon;
				ASSETCATALOG_COMPILER_LAUNCHIMAGE_NAME = LaunchImage;
				GCC_PRECOMPILE_PREFIX_HEADER = YES;
				GCC_PREFIX_HEADER = "Nigh/Nigh-Prefix.pch";
				INFOPLIST_FILE = "Nigh/Nigh-Info.plist";
				PRODUCT_NAME = "$(TARGET_NAME)";
				WRAPPER_EXTENSION = app;
			};
			name = Release;
		};
		91CCC4FA18F2FFBD00516844 /* Debug */ = {
			isa = XCBuildConfiguration;
			buildSettings = {
				BUNDLE_LOADER = "$(BUILT_PRODUCTS_DIR)/Nigh.app/Nigh";
				FRAMEWORK_SEARCH_PATHS = (
					"$(SDKROOT)/Developer/Library/Frameworks",
					"$(inherited)",
					"$(DEVELOPER_FRAMEWORKS_DIR)",
				);
				GCC_PRECOMPILE_PREFIX_HEADER = YES;
				GCC_PREFIX_HEADER = "Nigh/Nigh-Prefix.pch";
				GCC_PREPROCESSOR_DEFINITIONS = (
					"DEBUG=1",
					"$(inherited)",
				);
				INFOPLIST_FILE = "NighTests/NighTests-Info.plist";
				PRODUCT_NAME = "$(TARGET_NAME)";
				TEST_HOST = "$(BUNDLE_LOADER)";
				WRAPPER_EXTENSION = xctest;
			};
			name = Debug;
		};
		91CCC4FB18F2FFBD00516844 /* Release */ = {
			isa = XCBuildConfiguration;
			buildSettings = {
				BUNDLE_LOADER = "$(BUILT_PRODUCTS_DIR)/Nigh.app/Nigh";
				FRAMEWORK_SEARCH_PATHS = (
					"$(SDKROOT)/Developer/Library/Frameworks",
					"$(inherited)",
					"$(DEVELOPER_FRAMEWORKS_DIR)",
				);
				GCC_PRECOMPILE_PREFIX_HEADER = YES;
				GCC_PREFIX_HEADER = "Nigh/Nigh-Prefix.pch";
				INFOPLIST_FILE = "NighTests/NighTests-Info.plist";
				PRODUCT_NAME = "$(TARGET_NAME)";
				TEST_HOST = "$(BUNDLE_LOADER)";
				WRAPPER_EXTENSION = xctest;
			};
			name = Release;
		};
/* End XCBuildConfiguration section */

/* Begin XCConfigurationList section */
		91CCC4BC18F2FFBD00516844 /* Build configuration list for PBXProject "Nigh" */ = {
			isa = XCConfigurationList;
			buildConfigurations = (
				91CCC4F418F2FFBD00516844 /* Debug */,
				91CCC4F518F2FFBD00516844 /* Release */,
			);
			defaultConfigurationIsVisible = 0;
			defaultConfigurationName = Release;
		};
		91CCC4F618F2FFBD00516844 /* Build configuration list for PBXNativeTarget "Nigh" */ = {
			isa = XCConfigurationList;
			buildConfigurations = (
				91CCC4F718F2FFBD00516844 /* Debug */,
				91CCC4F818F2FFBD00516844 /* Release */,
			);
			defaultConfigurationIsVisible = 0;
			defaultConfigurationName = Release;
		};
		91CCC4F918F2FFBD00516844 /* Build configuration list for PBXNativeTarget "NighTests" */ = {
			isa = XCConfigurationList;
			buildConfigurations = (
				91CCC4FA18F2FFBD00516844 /* Debug */,
				91CCC4FB18F2FFBD00516844 /* Release */,
			);
			defaultConfigurationIsVisible = 0;
			defaultConfigurationName = Release;
		};
/* End XCConfigurationList section */
	};
	rootObject = 91CCC4B918F2FFBD00516844 /* Project object */;
}
